
Microsoft Visual Studio Solution File, Format Version 12.00
# Visual Studio Version 16
VisualStudioVersion = 16.0.30621.155
MinimumVisualStudioVersion = 10.0.40219.1
Project("{FAE04EC0-301F-11D3-BF4B-00C04F79EFBC}") = "GatewayApi", "GatewayApi\GatewayApi.csproj", "{F31B85E9-E6A4-4CAA-8EB6-54D173228527}"
EndProject
Project("{FAE04EC0-301F-11D3-BF4B-00C04F79EFBC}") = "Gateway.Server1", "Gateway.Server1\Gateway.Server1.csproj", "{84873BCE-718C-41D0-8547-DC858E735996}"
EndProject
Project("{FAE04EC0-301F-11D3-BF4B-00C04F79EFBC}") = "Gateway.Server2", "Gateway.Server2\Gateway.Server2.csproj", "{4C2E5E5F-2923-4406-8F05-B4278E35040D}"
EndProject
Global
	GlobalSection(SolutionConfigurationPlatforms) = preSolution
		Debug|Any CPU = Debug|Any CPU
		Release|Any CPU = Release|Any CPU
	EndGlobalSection
	GlobalSection(ProjectConfigurationPlatforms) = postSolution
		{F31B85E9-E6A4-4CAA-8EB6-54D173228527}.Debug|Any CPU.ActiveCfg = Debug|Any CPU
		{F31B85E9-E6A4-4CAA-8EB6-54D173228527}.Debug|Any CPU.Build.0 = Debug|Any CPU
		{F31B85E9-E6A4-4CAA-8EB6-54D173228527}.Release|Any CPU.ActiveCfg = Release|Any CPU
		{F31B85E9-E6A4-4CAA-8EB6-54D173228527}.Release|Any CPU.Build.0 = Release|Any CPU
		{84873BCE-718C-41D0-8547-DC858E735996}.Debug|Any CPU.ActiveCfg = Debug|Any CPU
		{84873BCE-718C-41D0-8547-DC858E735996}.Debug|Any CPU.Build.0 = Debug|Any CPU
		{84873BCE-718C-41D0-8547-DC858E735996}.Release|Any CPU.ActiveCfg = Release|Any CPU
		{84873BCE-718C-41D0-8547-DC858E735996}.Release|Any CPU.Build.0 = Release|Any CPU
		{4C2E5E5F-2923-4406-8F05-B4278E35040D}.Debug|Any CPU.ActiveCfg = Debug|Any CPU
		{4C2E5E5F-2923-4406-8F05-B4278E35040D}.Debug|Any CPU.Build.0 = Debug|Any CPU
		{4C2E5E5F-2923-4406-8F05-B4278E35040D}.Release|Any CPU.ActiveCfg = Release|Any CPU
		{4C2E5E5F-2923-4406-8F05-B4278E35040D}.Release|Any CPU.Build.0 = Release|Any CPU
	EndGlobalSection
	GlobalSection(SolutionProperties) = preSolution
		HideSolutionNode = FALSE
	EndGlobalSection
	GlobalSection(ExtensibilityGlobals) = postSolution
		SolutionGuid = {8ACD2F5B-D6ED-429E-8704-28B77B5717E8}
	EndGlobalSection
EndGlobal
