
Microsoft Visual Studio Solution File, Format Version 12.00
# Visual Studio Version 16
VisualStudioVersion = 16.0.30621.155
MinimumVisualStudioVersion = 10.0.40219.1
Project("{FAE04EC0-301F-11D3-BF4B-00C04F79EFBC}") = "ObjectPool", "ObjectPool\ObjectPool.csproj", "{4656705A-132A-498B-8377-676E4356DD0E}"
EndProject
Global
	GlobalSection(SolutionConfigurationPlatforms) = preSolution
		Debug|Any CPU = Debug|Any CPU
		Release|Any CPU = Release|Any CPU
	EndGlobalSection
	GlobalSection(ProjectConfigurationPlatforms) = postSolution
		{4656705A-132A-498B-8377-676E4356DD0E}.Debug|Any CPU.ActiveCfg = Debug|Any CPU
		{4656705A-132A-498B-8377-676E4356DD0E}.Debug|Any CPU.Build.0 = Debug|Any CPU
		{4656705A-132A-498B-8377-676E4356DD0E}.Release|Any CPU.ActiveCfg = Release|Any CPU
		{4656705A-132A-498B-8377-676E4356DD0E}.Release|Any CPU.Build.0 = Release|Any CPU
	EndGlobalSection
	GlobalSection(SolutionProperties) = preSolution
		HideSolutionNode = FALSE
	EndGlobalSection
	GlobalSection(ExtensibilityGlobals) = postSolution
		SolutionGuid = {A2C2E75A-B983-4CE6-BAA5-2E458669B1C9}
	EndGlobalSection
EndGlobal
